
Microsoft Visual Studio Solution File, Format Version 12.00
# Visual Studio Version 17
VisualStudioVersion = 17.11.35431.28
MinimumVisualStudioVersion = 10.0.40219.1
Project("{FAE04EC0-301F-11D3-BF4B-00C04F79EFBC}") = "Bricks_Interfaces", "Bricks_Interfaces.csproj", "{C8E0E51A-1CF5-4B5B-B0D6-D5334F0F60E2}"
EndProject
Global
	GlobalSection(SolutionConfigurationPlatforms) = preSolution
		Debug|Any CPU = Debug|Any CPU
		Release|Any CPU = Release|Any CPU
	EndGlobalSection
	GlobalSection(ProjectConfigurationPlatforms) = postSolution
		{C8E0E51A-1CF5-4B5B-B0D6-D5334F0F60E2}.Debug|Any CPU.ActiveCfg = Debug|Any CPU
		{C8E0E51A-1CF5-4B5B-B0D6-D5334F0F60E2}.Debug|Any CPU.Build.0 = Debug|Any CPU
		{C8E0E51A-1CF5-4B5B-B0D6-D5334F0F60E2}.Release|Any CPU.ActiveCfg = Release|Any CPU
		{C8E0E51A-1CF5-4B5B-B0D6-D5334F0F60E2}.Release|Any CPU.Build.0 = Release|Any CPU
	EndGlobalSection
	GlobalSection(SolutionProperties) = preSolution
		HideSolutionNode = FALSE
	EndGlobalSection
	GlobalSection(ExtensibilityGlobals) = postSolution
		SolutionGuid = {16E3BB0F-B457-4C57-A41F-06EDF8B0A229}
	EndGlobalSection
EndGlobal
